
Microsoft Visual Studio Solution File, Format Version 12.00
# Visual Studio Version 17
VisualStudioVersion = 17.1.32210.238
MinimumVisualStudioVersion = 10.0.40219.1
Project("{FAE04EC0-301F-11D3-BF4B-00C04F79EFBC}") = "FranksGarage.Model", "FranksGarage.Model\FranksGarage.Model.csproj", "{DC405AC9-5136-4744-97CB-338C40558DEC}"
EndProject
Project("{FAE04EC0-301F-11D3-BF4B-00C04F79EFBC}") = "FranksGarage.DataAPI", "FranksGarage.DataAPI\FranksGarage.DataAPI.csproj", "{FF8E73DF-CC33-455C-8E0D-EA9D60C98DF0}"
EndProject
Global
	GlobalSection(SolutionConfigurationPlatforms) = preSolution
		Debug|Any CPU = Debug|Any CPU
		Release|Any CPU = Release|Any CPU
	EndGlobalSection
	GlobalSection(ProjectConfigurationPlatforms) = postSolution
		{DC405AC9-5136-4744-97CB-338C40558DEC}.Debug|Any CPU.ActiveCfg = Debug|Any CPU
		{DC405AC9-5136-4744-97CB-338C40558DEC}.Debug|Any CPU.Build.0 = Debug|Any CPU
		{DC405AC9-5136-4744-97CB-338C40558DEC}.Release|Any CPU.ActiveCfg = Release|Any CPU
		{DC405AC9-5136-4744-97CB-338C40558DEC}.Release|Any CPU.Build.0 = Release|Any CPU
		{FF8E73DF-CC33-455C-8E0D-EA9D60C98DF0}.Debug|Any CPU.ActiveCfg = Debug|Any CPU
		{FF8E73DF-CC33-455C-8E0D-EA9D60C98DF0}.Debug|Any CPU.Build.0 = Debug|Any CPU
		{FF8E73DF-CC33-455C-8E0D-EA9D60C98DF0}.Release|Any CPU.ActiveCfg = Release|Any CPU
		{FF8E73DF-CC33-455C-8E0D-EA9D60C98DF0}.Release|Any CPU.Build.0 = Release|Any CPU
	EndGlobalSection
	GlobalSection(SolutionProperties) = preSolution
		HideSolutionNode = FALSE
	EndGlobalSection
	GlobalSection(ExtensibilityGlobals) = postSolution
		SolutionGuid = {DCC7E854-BB4D-4935-BDBB-9909FB70C472}
	EndGlobalSection
EndGlobal
