
Microsoft Visual Studio Solution File, Format Version 12.00
# Visual Studio Version 17
VisualStudioVersion = 17.1.32210.238
MinimumVisualStudioVersion = 10.0.40219.1
Project("{9A19103F-16F7-4668-BE54-9A1E7A4F7556}") = "FranksGarage.Model", "FranksGarage.Model\FranksGarage.Model.csproj", "{DC405AC9-5136-4744-97CB-338C40558DEC}"
EndProject
Project("{9A19103F-16F7-4668-BE54-9A1E7A4F7556}") = "FranksGarage.DataAPI", "FranksGarage.DataAPI\FranksGarage.DataAPI.csproj", "{FF8E73DF-CC33-455C-8E0D-EA9D60C98DF0}"
EndProject
Project("{54A90642-561A-4BB1-A94E-469ADEE60C69}") = "FranksGarage", "FranksGarage\FranksGarage.esproj", "{C4789AA0-DF95-486C-86C4-169EB5E6A6C2}"
EndProject
Project("{FAE04EC0-301F-11D3-BF4B-00C04F79EFBC}") = "FranksGarage.Data.API.Tests", "FranksGarage.Data.API.Tests\FranksGarage.Data.API.Tests.csproj", "{62D135A6-A391-4E1D-80FA-63E689DE155F}"
EndProject
Global
	GlobalSection(SolutionConfigurationPlatforms) = preSolution
		Debug|Any CPU = Debug|Any CPU
		Release|Any CPU = Release|Any CPU
	EndGlobalSection
	GlobalSection(ProjectConfigurationPlatforms) = postSolution
		{DC405AC9-5136-4744-97CB-338C40558DEC}.Debug|Any CPU.ActiveCfg = Debug|Any CPU
		{DC405AC9-5136-4744-97CB-338C40558DEC}.Debug|Any CPU.Build.0 = Debug|Any CPU
		{DC405AC9-5136-4744-97CB-338C40558DEC}.Release|Any CPU.ActiveCfg = Release|Any CPU
		{DC405AC9-5136-4744-97CB-338C40558DEC}.Release|Any CPU.Build.0 = Release|Any CPU
		{FF8E73DF-CC33-455C-8E0D-EA9D60C98DF0}.Debug|Any CPU.ActiveCfg = Debug|Any CPU
		{FF8E73DF-CC33-455C-8E0D-EA9D60C98DF0}.Debug|Any CPU.Build.0 = Debug|Any CPU
		{FF8E73DF-CC33-455C-8E0D-EA9D60C98DF0}.Release|Any CPU.ActiveCfg = Release|Any CPU
		{FF8E73DF-CC33-455C-8E0D-EA9D60C98DF0}.Release|Any CPU.Build.0 = Release|Any CPU
		{C4789AA0-DF95-486C-86C4-169EB5E6A6C2}.Debug|Any CPU.ActiveCfg = Debug|Any CPU
		{C4789AA0-DF95-486C-86C4-169EB5E6A6C2}.Debug|Any CPU.Build.0 = Debug|Any CPU
		{C4789AA0-DF95-486C-86C4-169EB5E6A6C2}.Debug|Any CPU.Deploy.0 = Debug|Any CPU
		{C4789AA0-DF95-486C-86C4-169EB5E6A6C2}.Release|Any CPU.ActiveCfg = Release|Any CPU
		{C4789AA0-DF95-486C-86C4-169EB5E6A6C2}.Release|Any CPU.Build.0 = Release|Any CPU
		{C4789AA0-DF95-486C-86C4-169EB5E6A6C2}.Release|Any CPU.Deploy.0 = Release|Any CPU
		{62D135A6-A391-4E1D-80FA-63E689DE155F}.Debug|Any CPU.ActiveCfg = Debug|Any CPU
		{62D135A6-A391-4E1D-80FA-63E689DE155F}.Debug|Any CPU.Build.0 = Debug|Any CPU
		{62D135A6-A391-4E1D-80FA-63E689DE155F}.Release|Any CPU.ActiveCfg = Release|Any CPU
		{62D135A6-A391-4E1D-80FA-63E689DE155F}.Release|Any CPU.Build.0 = Release|Any CPU
	EndGlobalSection
	GlobalSection(SolutionProperties) = preSolution
		HideSolutionNode = FALSE
	EndGlobalSection
	GlobalSection(ExtensibilityGlobals) = postSolution
		SolutionGuid = {DCC7E854-BB4D-4935-BDBB-9909FB70C472}
	EndGlobalSection
EndGlobal
